# This file is automatically @generated by Cargo.
# It is not intended for manual editing.
version = 4

[[package]]
name = "jet"
version = "1.0.0"
dependencies = [
 "jet-driver",
]

[[package]]
name = "jet-codegen"
version = "1.0.0"
dependencies = [
 "jet-foundation",
 "jet-sema",
]

[[package]]
name = "jet-comptime"
version = "1.0.0"
dependencies = [
 "jet-foundation",
]

[[package]]
name = "jet-driver"
version = "1.0.0"
dependencies = [
 "jet-codegen",
 "jet-comptime",
 "jet-foundation",
 "jet-lexer",
 "jet-parser",
 "jet-sema",
]

[[package]]
name = "jet-foundation"
version = "1.0.0"

[[package]]
name = "jet-lexer"
version = "1.0.0"
dependencies = [
 "jet-foundation",
]

[[package]]
name = "jet-parser"
version = "1.0.0"
dependencies = [
 "jet-foundation",
 "jet-lexer",
]

[[package]]
name = "jet-sema"
version = "1.0.0"
dependencies = [
 "jet-comptime",
 "jet-foundation",
 "jet-lexer",
 "jet-parser",
]
