version = 1

[[package]]
name = "forge"
version = "0.1.0"
source = { root = "." }
fingerprint = ""
dependencies = ["ansi", "manifest", "nixbridge", "taskrunner"]

[[package]]
name = "ansi"
version = "0.1.0"
source = { path = "packages/ansi" }
fingerprint = "sha256-5a97f8aeb7d1be50b4cdc6a96a28c1948c4397c088ec93d5cce78cbfeb694a7b"
dependencies = []

[[package]]
name = "manifest"
version = "0.1.0"
source = { path = "packages/manifest" }
fingerprint = "sha256-ff1f2740718e0e722631c3d0e8984838b26d167475b58aae6c98e172ae63a4d2"
dependencies = []

[[package]]
name = "nixbridge"
version = "0.1.0"
source = { path = "packages/nixbridge" }
fingerprint = "sha256-57321c331699fb390bd9a6e90b172b3b2a6c246d4838869f305a02c57721ba0f"
dependencies = []

[[package]]
name = "taskrunner"
version = "0.1.0"
source = { path = "packages/taskrunner" }
fingerprint = "sha256-c67d9a8e10bfeaead3ca70f76703b4c1abb1161034b7dcd51f116f1db4c7cdd0"
dependencies = []

[root]
dependencies = ["ansi", "manifest", "nixbridge", "taskrunner"]
