version = 0

[build.stamp]
git = "f17c25b622878d8816a123682d665d0a579d89a9-dirty"
dirty = true
toolchain = "1.0.0"
at = "2026-08-20T20:41:14.841770348Z"

[root]
dependencies = []

[[comptime_inputs]]
path = ".jet/generated/main/build_message.jet"
hash = "sha256:00fa9b9434ab10a112651096960e698daf20f31ddfcd7f67601aceaf96efcdd4"
